
Microsoft Visual Studio Solution File, Format Version 12.00
# Visual Studio Version 17
VisualStudioVersion = 17.14.36518.9 d17.14
MinimumVisualStudioVersion = 10.0.40219.1
Project("{FAE04EC0-301F-11D3-BF4B-00C04F79EFBC}") = "10xMotoNomad.App", "..\10xMotoNomad\10xMotoNomad.App\10xMotoNomad.App.csproj", "{412E7FDC-6889-4015-9F53-D13B24F3DF74}"
EndProject
Project("{FAE04EC0-301F-11D3-BF4B-00C04F79EFBC}") = "10xMotoNomad.Tests", "..\10xMotoNomad\10xMotoNomad.Tests\10xMotoNomad.Tests.csproj", "{D8AF2ECA-CCAE-4883-A45C-321107495291}"
EndProject
Global
	GlobalSection(SolutionConfigurationPlatforms) = preSolution
		Debug|Any CPU = Debug|Any CPU
		Release|Any CPU = Release|Any CPU
	EndGlobalSection
	GlobalSection(ProjectConfigurationPlatforms) = postSolution
		{412E7FDC-6889-4015-9F53-D13B24F3DF74}.Debug|Any CPU.ActiveCfg = Debug|Any CPU
		{412E7FDC-6889-4015-9F53-D13B24F3DF74}.Debug|Any CPU.Build.0 = Debug|Any CPU
		{412E7FDC-6889-4015-9F53-D13B24F3DF74}.Release|Any CPU.ActiveCfg = Release|Any CPU
		{412E7FDC-6889-4015-9F53-D13B24F3DF74}.Release|Any CPU.Build.0 = Release|Any CPU
		{D8AF2ECA-CCAE-4883-A45C-321107495291}.Debug|Any CPU.ActiveCfg = Debug|Any CPU
		{D8AF2ECA-CCAE-4883-A45C-321107495291}.Debug|Any CPU.Build.0 = Debug|Any CPU
		{D8AF2ECA-CCAE-4883-A45C-321107495291}.Release|Any CPU.ActiveCfg = Release|Any CPU
		{D8AF2ECA-CCAE-4883-A45C-321107495291}.Release|Any CPU.Build.0 = Release|Any CPU
	EndGlobalSection
	GlobalSection(SolutionProperties) = preSolution
		HideSolutionNode = FALSE
	EndGlobalSection
	GlobalSection(ExtensibilityGlobals) = postSolution
		SolutionGuid = {CD9339A8-9642-4C58-9CC8-99C3445CE8F3}
	EndGlobalSection
EndGlobal
